
Microsoft Visual Studio Solution File, Format Version 12.00
# Visual Studio Version 16
VisualStudioVersion = 16.0.31911.196
MinimumVisualStudioVersion = 10.0.40219.1
Project("{FAE04EC0-301F-11D3-BF4B-00C04F79EFBC}") = "Ardelean_Nadina_Lab10v2.Android", "Ardelean_Nadina_Lab10v2.Android\Ardelean_Nadina_Lab10v2.Android.csproj", "{2AEFED9D-2F0F-42F2-9BF4-35FB3E04AB7F}"
EndProject
Project("{FAE04EC0-301F-11D3-BF4B-00C04F79EFBC}") = "Ardelean_Nadina_Lab10v2.iOS", "Ardelean_Nadina_Lab10v2.iOS\Ardelean_Nadina_Lab10v2.iOS.csproj", "{C482A406-DE78-41F3-91B3-222E18B41EBF}"
EndProject
Project("{FAE04EC0-301F-11D3-BF4B-00C04F79EFBC}") = "Ardelean_Nadina_Lab10v2", "Ardelean_Nadina_Lab10v2\Ardelean_Nadina_Lab10v2.csproj", "{861FA2A0-C15F-4F5F-B2AB-95F4B7E16805}"
EndProject
Global
	GlobalSection(SolutionConfigurationPlatforms) = preSolution
		Debug|Any CPU = Debug|Any CPU
		Debug|iPhone = Debug|iPhone
		Debug|iPhoneSimulator = Debug|iPhoneSimulator
		Release|Any CPU = Release|Any CPU
		Release|iPhone = Release|iPhone
		Release|iPhoneSimulator = Release|iPhoneSimulator
	EndGlobalSection
	GlobalSection(ProjectConfigurationPlatforms) = postSolution
		{2AEFED9D-2F0F-42F2-9BF4-35FB3E04AB7F}.Debug|Any CPU.ActiveCfg = Debug|Any CPU
		{2AEFED9D-2F0F-42F2-9BF4-35FB3E04AB7F}.Debug|Any CPU.Build.0 = Debug|Any CPU
		{2AEFED9D-2F0F-42F2-9BF4-35FB3E04AB7F}.Debug|Any CPU.Deploy.0 = Debug|Any CPU
		{2AEFED9D-2F0F-42F2-9BF4-35FB3E04AB7F}.Debug|iPhone.ActiveCfg = Debug|Any CPU
		{2AEFED9D-2F0F-42F2-9BF4-35FB3E04AB7F}.Debug|iPhone.Build.0 = Debug|Any CPU
		{2AEFED9D-2F0F-42F2-9BF4-35FB3E04AB7F}.Debug|iPhone.Deploy.0 = Debug|Any CPU
		{2AEFED9D-2F0F-42F2-9BF4-35FB3E04AB7F}.Debug|iPhoneSimulator.ActiveCfg = Debug|Any CPU
		{2AEFED9D-2F0F-42F2-9BF4-35FB3E04AB7F}.Debug|iPhoneSimulator.Build.0 = Debug|Any CPU
		{2AEFED9D-2F0F-42F2-9BF4-35FB3E04AB7F}.Debug|iPhoneSimulator.Deploy.0 = Debug|Any CPU
		{2AEFED9D-2F0F-42F2-9BF4-35FB3E04AB7F}.Release|Any CPU.ActiveCfg = Release|Any CPU
		{2AEFED9D-2F0F-42F2-9BF4-35FB3E04AB7F}.Release|Any CPU.Build.0 = Release|Any CPU
		{2AEFED9D-2F0F-42F2-9BF4-35FB3E04AB7F}.Release|Any CPU.Deploy.0 = Release|Any CPU
		{2AEFED9D-2F0F-42F2-9BF4-35FB3E04AB7F}.Release|iPhone.ActiveCfg = Release|Any CPU
		{2AEFED9D-2F0F-42F2-9BF4-35FB3E04AB7F}.Release|iPhone.Build.0 = Release|Any CPU
		{2AEFED9D-2F0F-42F2-9BF4-35FB3E04AB7F}.Release|iPhone.Deploy.0 = Release|Any CPU
		{2AEFED9D-2F0F-42F2-9BF4-35FB3E04AB7F}.Release|iPhoneSimulator.ActiveCfg = Release|Any CPU
		{2AEFED9D-2F0F-42F2-9BF4-35FB3E04AB7F}.Release|iPhoneSimulator.Build.0 = Release|Any CPU
		{2AEFED9D-2F0F-42F2-9BF4-35FB3E04AB7F}.Release|iPhoneSimulator.Deploy.0 = Release|Any CPU
		{C482A406-DE78-41F3-91B3-222E18B41EBF}.Debug|Any CPU.ActiveCfg = Debug|iPhone
		{C482A406-DE78-41F3-91B3-222E18B41EBF}.Debug|Any CPU.Build.0 = Debug|iPhone
		{C482A406-DE78-41F3-91B3-222E18B41EBF}.Debug|Any CPU.Deploy.0 = Debug|iPhone
		{C482A406-DE78-41F3-91B3-222E18B41EBF}.Debug|iPhone.ActiveCfg = Debug|iPhone
		{C482A406-DE78-41F3-91B3-222E18B41EBF}.Debug|iPhone.Build.0 = Debug|iPhone
		{C482A406-DE78-41F3-91B3-222E18B41EBF}.Debug|iPhone.Deploy.0 = Debug|iPhone
		{C482A406-DE78-41F3-91B3-222E18B41EBF}.Debug|iPhoneSimulator.ActiveCfg = Debug|iPhoneSimulator
		{C482A406-DE78-41F3-91B3-222E18B41EBF}.Debug|iPhoneSimulator.Build.0 = Debug|iPhoneSimulator
		{C482A406-DE78-41F3-91B3-222E18B41EBF}.Debug|iPhoneSimulator.Deploy.0 = Debug|iPhoneSimulator
		{C482A406-DE78-41F3-91B3-222E18B41EBF}.Release|Any CPU.ActiveCfg = Release|iPhoneSimulator
		{C482A406-DE78-41F3-91B3-222E18B41EBF}.Release|Any CPU.Build.0 = Release|iPhoneSimulator
		{C482A406-DE78-41F3-91B3-222E18B41EBF}.Release|Any CPU.Deploy.0 = Release|iPhoneSimulator
		{C482A406-DE78-41F3-91B3-222E18B41EBF}.Release|iPhone.ActiveCfg = Release|iPhone
		{C482A406-DE78-41F3-91B3-222E18B41EBF}.Release|iPhone.Build.0 = Release|iPhone
		{C482A406-DE78-41F3-91B3-222E18B41EBF}.Release|iPhone.Deploy.0 = Release|iPhone
		{C482A406-DE78-41F3-91B3-222E18B41EBF}.Release|iPhoneSimulator.ActiveCfg = Release|iPhoneSimulator
		{C482A406-DE78-41F3-91B3-222E18B41EBF}.Release|iPhoneSimulator.Build.0 = Release|iPhoneSimulator
		{C482A406-DE78-41F3-91B3-222E18B41EBF}.Release|iPhoneSimulator.Deploy.0 = Release|iPhoneSimulator
		{861FA2A0-C15F-4F5F-B2AB-95F4B7E16805}.Debug|Any CPU.ActiveCfg = Debug|Any CPU
		{861FA2A0-C15F-4F5F-B2AB-95F4B7E16805}.Debug|Any CPU.Build.0 = Debug|Any CPU
		{861FA2A0-C15F-4F5F-B2AB-95F4B7E16805}.Debug|Any CPU.Deploy.0 = Debug|Any CPU
		{861FA2A0-C15F-4F5F-B2AB-95F4B7E16805}.Debug|iPhone.ActiveCfg = Debug|Any CPU
		{861FA2A0-C15F-4F5F-B2AB-95F4B7E16805}.Debug|iPhone.Build.0 = Debug|Any CPU
		{861FA2A0-C15F-4F5F-B2AB-95F4B7E16805}.Debug|iPhone.Deploy.0 = Debug|Any CPU
		{861FA2A0-C15F-4F5F-B2AB-95F4B7E16805}.Debug|iPhoneSimulator.ActiveCfg = Debug|Any CPU
		{861FA2A0-C15F-4F5F-B2AB-95F4B7E16805}.Debug|iPhoneSimulator.Build.0 = Debug|Any CPU
		{861FA2A0-C15F-4F5F-B2AB-95F4B7E16805}.Debug|iPhoneSimulator.Deploy.0 = Debug|Any CPU
		{861FA2A0-C15F-4F5F-B2AB-95F4B7E16805}.Release|Any CPU.ActiveCfg = Release|Any CPU
		{861FA2A0-C15F-4F5F-B2AB-95F4B7E16805}.Release|Any CPU.Build.0 = Release|Any CPU
		{861FA2A0-C15F-4F5F-B2AB-95F4B7E16805}.Release|Any CPU.Deploy.0 = Release|Any CPU
		{861FA2A0-C15F-4F5F-B2AB-95F4B7E16805}.Release|iPhone.ActiveCfg = Release|Any CPU
		{861FA2A0-C15F-4F5F-B2AB-95F4B7E16805}.Release|iPhone.Build.0 = Release|Any CPU
		{861FA2A0-C15F-4F5F-B2AB-95F4B7E16805}.Release|iPhone.Deploy.0 = Release|Any CPU
		{861FA2A0-C15F-4F5F-B2AB-95F4B7E16805}.Release|iPhoneSimulator.ActiveCfg = Release|Any CPU
		{861FA2A0-C15F-4F5F-B2AB-95F4B7E16805}.Release|iPhoneSimulator.Build.0 = Release|Any CPU
		{861FA2A0-C15F-4F5F-B2AB-95F4B7E16805}.Release|iPhoneSimulator.Deploy.0 = Release|Any CPU
	EndGlobalSection
	GlobalSection(SolutionProperties) = preSolution
		HideSolutionNode = FALSE
	EndGlobalSection
	GlobalSection(ExtensibilityGlobals) = postSolution
		SolutionGuid = {E29D16D3-E18D-44A5-8533-F2E0CF04A5BE}
	EndGlobalSection
EndGlobal
